
Microsoft Visual Studio Solution File, Format Version 12.00
# Visual Studio 15
VisualStudioVersion = 15.0.27004.2006
MinimumVisualStudioVersion = 10.0.40219.1
Project("{FAE04EC0-301F-11D3-BF4B-00C04F79EFBC}") = "BankApp", "BankApp\BankApp.csproj", "{0177B537-3BBA-44EE-97B2-BC4462284C0B}"
EndProject
Project("{FAE04EC0-301F-11D3-BF4B-00C04F79EFBC}") = "BankUI", "BankUI\BankUI.csproj", "{2468E69C-D0CC-4858-8573-900DD188A68F}"
EndProject
Project("{FAE04EC0-301F-11D3-BF4B-00C04F79EFBC}") = "BankUI.Tests", "BankUI.Tests\BankUI.Tests.csproj", "{AC17E1F5-7D56-4A63-8E67-24BEEE716E28}"
EndProject
Global
	GlobalSection(SolutionConfigurationPlatforms) = preSolution
		Debug|Any CPU = Debug|Any CPU
		Release|Any CPU = Release|Any CPU
	EndGlobalSection
	GlobalSection(ProjectConfigurationPlatforms) = postSolution
		{0177B537-3BBA-44EE-97B2-BC4462284C0B}.Debug|Any CPU.ActiveCfg = Debug|Any CPU
		{0177B537-3BBA-44EE-97B2-BC4462284C0B}.Debug|Any CPU.Build.0 = Debug|Any CPU
		{0177B537-3BBA-44EE-97B2-BC4462284C0B}.Release|Any CPU.ActiveCfg = Release|Any CPU
		{0177B537-3BBA-44EE-97B2-BC4462284C0B}.Release|Any CPU.Build.0 = Release|Any CPU
		{2468E69C-D0CC-4858-8573-900DD188A68F}.Debug|Any CPU.ActiveCfg = Debug|Any CPU
		{2468E69C-D0CC-4858-8573-900DD188A68F}.Debug|Any CPU.Build.0 = Debug|Any CPU
		{2468E69C-D0CC-4858-8573-900DD188A68F}.Release|Any CPU.ActiveCfg = Release|Any CPU
		{2468E69C-D0CC-4858-8573-900DD188A68F}.Release|Any CPU.Build.0 = Release|Any CPU
		{AC17E1F5-7D56-4A63-8E67-24BEEE716E28}.Debug|Any CPU.ActiveCfg = Debug|Any CPU
		{AC17E1F5-7D56-4A63-8E67-24BEEE716E28}.Debug|Any CPU.Build.0 = Debug|Any CPU
		{AC17E1F5-7D56-4A63-8E67-24BEEE716E28}.Release|Any CPU.ActiveCfg = Release|Any CPU
		{AC17E1F5-7D56-4A63-8E67-24BEEE716E28}.Release|Any CPU.Build.0 = Release|Any CPU
	EndGlobalSection
	GlobalSection(SolutionProperties) = preSolution
		HideSolutionNode = FALSE
	EndGlobalSection
	GlobalSection(ExtensibilityGlobals) = postSolution
		SolutionGuid = {DA0B8B5C-B8C2-48FB-B4E2-01CBAEE1116A}
	EndGlobalSection
EndGlobal
